
Microsoft Visual Studio Solution File, Format Version 12.00
# Visual Studio 15
VisualStudioVersion = 15.0.27703.2026
MinimumVisualStudioVersion = 10.0.40219.1
Project("{FAE04EC0-301F-11D3-BF4B-00C04F79EFBC}") = "iTextSharp.Extend", "iTextSharp\iTextSharp.Extend.csproj", "{08F0849C-C774-4CBE-866E-6FF2EEDD6FEB}"
EndProject
Project("{FAE04EC0-301F-11D3-BF4B-00C04F79EFBC}") = "iTextSharp.Extend.Demo", "iTextSharp.Extend.Demo\iTextSharp.Extend.Demo.csproj", "{08A08402-D1BB-490C-8E35-3B7C2D3A21F7}"
EndProject
Global
	GlobalSection(SolutionConfigurationPlatforms) = preSolution
		Debug|Any CPU = Debug|Any CPU
		Release|Any CPU = Release|Any CPU
	EndGlobalSection
	GlobalSection(ProjectConfigurationPlatforms) = postSolution
		{08F0849C-C774-4CBE-866E-6FF2EEDD6FEB}.Debug|Any CPU.ActiveCfg = Debug|Any CPU
		{08F0849C-C774-4CBE-866E-6FF2EEDD6FEB}.Debug|Any CPU.Build.0 = Debug|Any CPU
		{08F0849C-C774-4CBE-866E-6FF2EEDD6FEB}.Release|Any CPU.ActiveCfg = Release|Any CPU
		{08F0849C-C774-4CBE-866E-6FF2EEDD6FEB}.Release|Any CPU.Build.0 = Release|Any CPU
		{08A08402-D1BB-490C-8E35-3B7C2D3A21F7}.Debug|Any CPU.ActiveCfg = Debug|Any CPU
		{08A08402-D1BB-490C-8E35-3B7C2D3A21F7}.Debug|Any CPU.Build.0 = Debug|Any CPU
		{08A08402-D1BB-490C-8E35-3B7C2D3A21F7}.Release|Any CPU.ActiveCfg = Release|Any CPU
		{08A08402-D1BB-490C-8E35-3B7C2D3A21F7}.Release|Any CPU.Build.0 = Release|Any CPU
	EndGlobalSection
	GlobalSection(SolutionProperties) = preSolution
		HideSolutionNode = FALSE
	EndGlobalSection
	GlobalSection(ExtensibilityGlobals) = postSolution
		SolutionGuid = {591017DA-27B2-4B7C-BCE1-F698FB97B40A}
	EndGlobalSection
EndGlobal
